
Microsoft Visual Studio Solution File, Format Version 12.00
# Visual Studio Version 16
VisualStudioVersion = 16.0.29905.134
MinimumVisualStudioVersion = 10.0.40219.1
Project("{9A19103F-16F7-4668-BE54-9A1E7A4F7556}") = "CustomWebApi", "CustomWebApi\CustomWebApi.csproj", "{C5392D24-9572-436F-AF7A-095A1823CA38}"
EndProject
Project("{9A19103F-16F7-4668-BE54-9A1E7A4F7556}") = "CustomWebApiTests", "CustomWebApiTests\CustomWebApiTests.csproj", "{AC6306A0-C36F-4D27-96B8-4ADD8CF5DE3B}"
EndProject
Global
	GlobalSection(SolutionConfigurationPlatforms) = preSolution
		Debug|Any CPU = Debug|Any CPU
		Release|Any CPU = Release|Any CPU
	EndGlobalSection
	GlobalSection(ProjectConfigurationPlatforms) = postSolution
		{C5392D24-9572-436F-AF7A-095A1823CA38}.Debug|Any CPU.ActiveCfg = Debug|Any CPU
		{C5392D24-9572-436F-AF7A-095A1823CA38}.Debug|Any CPU.Build.0 = Debug|Any CPU
		{C5392D24-9572-436F-AF7A-095A1823CA38}.Release|Any CPU.ActiveCfg = Release|Any CPU
		{C5392D24-9572-436F-AF7A-095A1823CA38}.Release|Any CPU.Build.0 = Release|Any CPU
		{AC6306A0-C36F-4D27-96B8-4ADD8CF5DE3B}.Debug|Any CPU.ActiveCfg = Debug|Any CPU
		{AC6306A0-C36F-4D27-96B8-4ADD8CF5DE3B}.Debug|Any CPU.Build.0 = Debug|Any CPU
		{AC6306A0-C36F-4D27-96B8-4ADD8CF5DE3B}.Release|Any CPU.ActiveCfg = Release|Any CPU
		{AC6306A0-C36F-4D27-96B8-4ADD8CF5DE3B}.Release|Any CPU.Build.0 = Release|Any CPU
	EndGlobalSection
	GlobalSection(SolutionProperties) = preSolution
		HideSolutionNode = FALSE
	EndGlobalSection
	GlobalSection(ExtensibilityGlobals) = postSolution
		SolutionGuid = {E57C2E51-F630-4F69-9A57-95009C3D4E58}
	EndGlobalSection
EndGlobal
